
Microsoft Visual Studio Solution File, Format Version 12.00
# Visual Studio 2013
VisualStudioVersion = 12.0.21005.1
MinimumVisualStudioVersion = 10.0.40219.1
Project("{FAE04EC0-301F-11D3-BF4B-00C04F79EFBC}") = "Parker.Business", "Parker.Business\Parker.Business.csproj", "{6B8E1EAE-1905-45C6-9FB4-5C86B2CF4DB7}"
EndProject
Project("{FAE04EC0-301F-11D3-BF4B-00C04F79EFBC}") = "Parker.Test", "Parker.Test\Parker.Test.csproj", "{3471F856-9C67-4E1C-8C8D-833151F71CEB}"
EndProject
Project("{FAE04EC0-301F-11D3-BF4B-00C04F79EFBC}") = "Parker.Entity", "Parker.Entity\Parker.Entity.csproj", "{210A0DB3-928F-4DDE-97C1-62761EA9E775}"
EndProject
Project("{FAE04EC0-301F-11D3-BF4B-00C04F79EFBC}") = "Parker.Data", "Parker.Data\Parker.Data.csproj", "{1F11EDEA-61ED-475A-A871-3922AF7461F0}"
EndProject
Project("{FAE04EC0-301F-11D3-BF4B-00C04F79EFBC}") = "Parker.Test.MS", "Parker.Test.MS\Parker.Test.MS.csproj", "{BB8454FB-C678-438D-85BC-BC00FF708E35}"
EndProject
Project("{FAE04EC0-301F-11D3-BF4B-00C04F79EFBC}") = "Parker.Interface", "Parker.Interface\Parker.Interface.csproj", "{05AB017F-766C-445E-A9AC-883898D19DB6}"
EndProject
Project("{FAE04EC0-301F-11D3-BF4B-00C04F79EFBC}") = "Parker.Service", "Parker.Service\Parker.Service.csproj", "{884F4524-D762-4B48-8154-39D6030D64BB}"
EndProject
Project("{2150E333-8FDC-42A3-9474-1A3956D46DE8}") = "MiddleTier", "MiddleTier", "{A30149CF-9E6A-47B9-9F89-65767E48860A}"
EndProject
Project("{2150E333-8FDC-42A3-9474-1A3956D46DE8}") = "UnitTest", "UnitTest", "{A99227A1-6D84-4358-ACD4-BA8B9CA99B46}"
EndProject
Project("{FAE04EC0-301F-11D3-BF4B-00C04F79EFBC}") = "Parker.Exceptions", "Parker.Exceptions\Parker.Exceptions.csproj", "{3DDEC2A6-2D99-4BC7-8CBD-F5D40381745F}"
EndProject
Project("{2150E333-8FDC-42A3-9474-1A3956D46DE8}") = "FrontTier", "FrontTier", "{05B13ED4-587E-48DD-9F2C-32B50BDC9EAC}"
EndProject
Project("{FAE04EC0-301F-11D3-BF4B-00C04F79EFBC}") = "Parker.ConsoleUI", "Parker.ConsoleUI\Parker.ConsoleUI.csproj", "{21765D6B-061C-4973-A0F0-8A3F1F95481F}"
	ProjectSection(ProjectDependencies) = postProject
		{884F4524-D762-4B48-8154-39D6030D64BB} = {884F4524-D762-4B48-8154-39D6030D64BB}
	EndProjectSection
EndProject
Global
	GlobalSection(SolutionConfigurationPlatforms) = preSolution
		Debug|Any CPU = Debug|Any CPU
		Release|Any CPU = Release|Any CPU
	EndGlobalSection
	GlobalSection(ProjectConfigurationPlatforms) = postSolution
		{6B8E1EAE-1905-45C6-9FB4-5C86B2CF4DB7}.Debug|Any CPU.ActiveCfg = Debug|Any CPU
		{6B8E1EAE-1905-45C6-9FB4-5C86B2CF4DB7}.Debug|Any CPU.Build.0 = Debug|Any CPU
		{6B8E1EAE-1905-45C6-9FB4-5C86B2CF4DB7}.Release|Any CPU.ActiveCfg = Release|Any CPU
		{6B8E1EAE-1905-45C6-9FB4-5C86B2CF4DB7}.Release|Any CPU.Build.0 = Release|Any CPU
		{3471F856-9C67-4E1C-8C8D-833151F71CEB}.Debug|Any CPU.ActiveCfg = Debug|Any CPU
		{3471F856-9C67-4E1C-8C8D-833151F71CEB}.Debug|Any CPU.Build.0 = Debug|Any CPU
		{3471F856-9C67-4E1C-8C8D-833151F71CEB}.Release|Any CPU.ActiveCfg = Release|Any CPU
		{3471F856-9C67-4E1C-8C8D-833151F71CEB}.Release|Any CPU.Build.0 = Release|Any CPU
		{210A0DB3-928F-4DDE-97C1-62761EA9E775}.Debug|Any CPU.ActiveCfg = Debug|Any CPU
		{210A0DB3-928F-4DDE-97C1-62761EA9E775}.Debug|Any CPU.Build.0 = Debug|Any CPU
		{210A0DB3-928F-4DDE-97C1-62761EA9E775}.Release|Any CPU.ActiveCfg = Release|Any CPU
		{210A0DB3-928F-4DDE-97C1-62761EA9E775}.Release|Any CPU.Build.0 = Release|Any CPU
		{1F11EDEA-61ED-475A-A871-3922AF7461F0}.Debug|Any CPU.ActiveCfg = Debug|Any CPU
		{1F11EDEA-61ED-475A-A871-3922AF7461F0}.Debug|Any CPU.Build.0 = Debug|Any CPU
		{1F11EDEA-61ED-475A-A871-3922AF7461F0}.Release|Any CPU.ActiveCfg = Release|Any CPU
		{1F11EDEA-61ED-475A-A871-3922AF7461F0}.Release|Any CPU.Build.0 = Release|Any CPU
		{BB8454FB-C678-438D-85BC-BC00FF708E35}.Debug|Any CPU.ActiveCfg = Debug|Any CPU
		{BB8454FB-C678-438D-85BC-BC00FF708E35}.Debug|Any CPU.Build.0 = Debug|Any CPU
		{BB8454FB-C678-438D-85BC-BC00FF708E35}.Release|Any CPU.ActiveCfg = Release|Any CPU
		{BB8454FB-C678-438D-85BC-BC00FF708E35}.Release|Any CPU.Build.0 = Release|Any CPU
		{05AB017F-766C-445E-A9AC-883898D19DB6}.Debug|Any CPU.ActiveCfg = Debug|Any CPU
		{05AB017F-766C-445E-A9AC-883898D19DB6}.Debug|Any CPU.Build.0 = Debug|Any CPU
		{05AB017F-766C-445E-A9AC-883898D19DB6}.Release|Any CPU.ActiveCfg = Release|Any CPU
		{05AB017F-766C-445E-A9AC-883898D19DB6}.Release|Any CPU.Build.0 = Release|Any CPU
		{884F4524-D762-4B48-8154-39D6030D64BB}.Debug|Any CPU.ActiveCfg = Debug|Any CPU
		{884F4524-D762-4B48-8154-39D6030D64BB}.Debug|Any CPU.Build.0 = Debug|Any CPU
		{884F4524-D762-4B48-8154-39D6030D64BB}.Release|Any CPU.ActiveCfg = Release|Any CPU
		{884F4524-D762-4B48-8154-39D6030D64BB}.Release|Any CPU.Build.0 = Release|Any CPU
		{3DDEC2A6-2D99-4BC7-8CBD-F5D40381745F}.Debug|Any CPU.ActiveCfg = Debug|Any CPU
		{3DDEC2A6-2D99-4BC7-8CBD-F5D40381745F}.Debug|Any CPU.Build.0 = Debug|Any CPU
		{3DDEC2A6-2D99-4BC7-8CBD-F5D40381745F}.Release|Any CPU.ActiveCfg = Release|Any CPU
		{3DDEC2A6-2D99-4BC7-8CBD-F5D40381745F}.Release|Any CPU.Build.0 = Release|Any CPU
		{21765D6B-061C-4973-A0F0-8A3F1F95481F}.Debug|Any CPU.ActiveCfg = Debug|Any CPU
		{21765D6B-061C-4973-A0F0-8A3F1F95481F}.Debug|Any CPU.Build.0 = Debug|Any CPU
		{21765D6B-061C-4973-A0F0-8A3F1F95481F}.Release|Any CPU.ActiveCfg = Release|Any CPU
		{21765D6B-061C-4973-A0F0-8A3F1F95481F}.Release|Any CPU.Build.0 = Release|Any CPU
	EndGlobalSection
	GlobalSection(SolutionProperties) = preSolution
		HideSolutionNode = FALSE
	EndGlobalSection
	GlobalSection(NestedProjects) = preSolution
		{210A0DB3-928F-4DDE-97C1-62761EA9E775} = {A30149CF-9E6A-47B9-9F89-65767E48860A}
		{1F11EDEA-61ED-475A-A871-3922AF7461F0} = {A30149CF-9E6A-47B9-9F89-65767E48860A}
		{05AB017F-766C-445E-A9AC-883898D19DB6} = {A30149CF-9E6A-47B9-9F89-65767E48860A}
		{884F4524-D762-4B48-8154-39D6030D64BB} = {A30149CF-9E6A-47B9-9F89-65767E48860A}
		{6B8E1EAE-1905-45C6-9FB4-5C86B2CF4DB7} = {A30149CF-9E6A-47B9-9F89-65767E48860A}
		{3DDEC2A6-2D99-4BC7-8CBD-F5D40381745F} = {A30149CF-9E6A-47B9-9F89-65767E48860A}
		{BB8454FB-C678-438D-85BC-BC00FF708E35} = {A99227A1-6D84-4358-ACD4-BA8B9CA99B46}
		{3471F856-9C67-4E1C-8C8D-833151F71CEB} = {A99227A1-6D84-4358-ACD4-BA8B9CA99B46}
		{21765D6B-061C-4973-A0F0-8A3F1F95481F} = {05B13ED4-587E-48DD-9F2C-32B50BDC9EAC}
	EndGlobalSection
EndGlobal
